
Microsoft Visual Studio Solution File, Format Version 12.00
# Visual Studio Version 17
VisualStudioVersion = 17.10.35122.118
MinimumVisualStudioVersion = 10.0.40219.1
Project("{FAE04EC0-301F-11D3-BF4B-00C04F79EFBC}") = "DemoEntity", "DemoEntity\DemoEntity.csproj", "{AF02BD70-4371-4568-8E69-AF99738365AB}"
EndProject
Project("{FAE04EC0-301F-11D3-BF4B-00C04F79EFBC}") = "DemoEntity.DAL", "DemoEntity.DAL\DemoEntity.DAL.csproj", "{88E3D230-CB4B-45B7-BDDB-D2D43BDBEDFB}"
EndProject
Global
	GlobalSection(SolutionConfigurationPlatforms) = preSolution
		Debug|Any CPU = Debug|Any CPU
		Release|Any CPU = Release|Any CPU
	EndGlobalSection
	GlobalSection(ProjectConfigurationPlatforms) = postSolution
		{AF02BD70-4371-4568-8E69-AF99738365AB}.Debug|Any CPU.ActiveCfg = Debug|Any CPU
		{AF02BD70-4371-4568-8E69-AF99738365AB}.Debug|Any CPU.Build.0 = Debug|Any CPU
		{AF02BD70-4371-4568-8E69-AF99738365AB}.Release|Any CPU.ActiveCfg = Release|Any CPU
		{AF02BD70-4371-4568-8E69-AF99738365AB}.Release|Any CPU.Build.0 = Release|Any CPU
		{88E3D230-CB4B-45B7-BDDB-D2D43BDBEDFB}.Debug|Any CPU.ActiveCfg = Debug|Any CPU
		{88E3D230-CB4B-45B7-BDDB-D2D43BDBEDFB}.Debug|Any CPU.Build.0 = Debug|Any CPU
		{88E3D230-CB4B-45B7-BDDB-D2D43BDBEDFB}.Release|Any CPU.ActiveCfg = Release|Any CPU
		{88E3D230-CB4B-45B7-BDDB-D2D43BDBEDFB}.Release|Any CPU.Build.0 = Release|Any CPU
	EndGlobalSection
	GlobalSection(SolutionProperties) = preSolution
		HideSolutionNode = FALSE
	EndGlobalSection
	GlobalSection(ExtensibilityGlobals) = postSolution
		SolutionGuid = {251B2CBA-30EB-489F-B2D0-35BB42B32757}
	EndGlobalSection
EndGlobal
